// !$*UTF8*$!
{
	archiveVersion = 1;
	classes = {
	};
	objectVersion = 56;
	objects = {

/* Begin PBXBuildFile section */
		0F59E3652B28D06F005B7543 /* CustomModifiers.swift in Sources */ = {isa = PBXBuildFile; fileRef = 0F59E3642B28D06F005B7543 /* CustomModifiers.swift */; };
		0F6C47F62B274AE00017D513 /* AppetizersApp.swift in Sources */ = {isa = PBXBuildFile; fileRef = 0F6C47F52B274AE00017D513 /* AppetizersApp.swift */; };
		0F6C47F82B274AE00017D513 /* AppetizerTabView.swift in Sources */ = {isa = PBXBuildFile; fileRef = 0F6C47F72B274AE00017D513 /* AppetizerTabView.swift */; };
		0F6C47FA2B274AE20017D513 /* Assets.xcassets in Resources */ = {isa = PBXBuildFile; fileRef = 0F6C47F92B274AE20017D513 /* Assets.xcassets */; };
		0F6C47FD2B274AE20017D513 /* Preview Assets.xcassets in Resources */ = {isa = PBXBuildFile; fileRef = 0F6C47FC2B274AE20017D513 /* Preview Assets.xcassets */; };
		0F6C48042B274B930017D513 /* AppetizerListView.swift in Sources */ = {isa = PBXBuildFile; fileRef = 0F6C48032B274B930017D513 /* AppetizerListView.swift */; };
		0F6C48062B274B9D0017D513 /* AccountView.swift in Sources */ = {isa = PBXBuildFile; fileRef = 0F6C48052B274B9D0017D513 /* AccountView.swift */; };
		0F6C48082B274BAA0017D513 /* OrderView.swift in Sources */ = {isa = PBXBuildFile; fileRef = 0F6C48072B274BAA0017D513 /* OrderView.swift */; };
		0F6C480A2B27504D0017D513 /* Appetizer.swift in Sources */ = {isa = PBXBuildFile; fileRef = 0F6C48092B27504D0017D513 /* Appetizer.swift */; };
		0F6C480C2B2754E10017D513 /* AppetizerListCell.swift in Sources */ = {isa = PBXBuildFile; fileRef = 0F6C480B2B2754E10017D513 /* AppetizerListCell.swift */; };
		0F6C480E2B2755C00017D513 /* NetworkManager.swift in Sources */ = {isa = PBXBuildFile; fileRef = 0F6C480D2B2755C00017D513 /* NetworkManager.swift */; };
		0F6C48102B2756990017D513 /* APError.swift in Sources */ = {isa = PBXBuildFile; fileRef = 0F6C480F2B2756990017D513 /* APError.swift */; };
		0F6C48122B2776A00017D513 /* AppetizerListViewModel.swift in Sources */ = {isa = PBXBuildFile; fileRef = 0F6C48112B2776A00017D513 /* AppetizerListViewModel.swift */; };
		0F6C48142B2777DE0017D513 /* Alert.swift in Sources */ = {isa = PBXBuildFile; fileRef = 0F6C48132B2777DE0017D513 /* Alert.swift */; };
		0F6C48162B277C370017D513 /* LoadingView.swift in Sources */ = {isa = PBXBuildFile; fileRef = 0F6C48152B277C370017D513 /* LoadingView.swift */; };
		0F6C481A2B27848E0017D513 /* RemoteImage.swift in Sources */ = {isa = PBXBuildFile; fileRef = 0F6C48192B27848E0017D513 /* RemoteImage.swift */; };
		0F6C48282B278A970017D513 /* AppetizerDetailView.swift in Sources */ = {isa = PBXBuildFile; fileRef = 0F6C48272B278A970017D513 /* AppetizerDetailView.swift */; };
		0F6C482B2B2796C30017D513 /* APButton.swift in Sources */ = {isa = PBXBuildFile; fileRef = 0F6C482A2B2796C30017D513 /* APButton.swift */; };
		0F6C482D2B2797F00017D513 /* XDismissButton.swift in Sources */ = {isa = PBXBuildFile; fileRef = 0F6C482C2B2797F00017D513 /* XDismissButton.swift */; };
		0FD95D702B288C9300511DF4 /* AccountViewModel.swift in Sources */ = {isa = PBXBuildFile; fileRef = 0FD95D6F2B288C9300511DF4 /* AccountViewModel.swift */; };
		0FD95D722B288F7300511DF4 /* String+Ext.swift in Sources */ = {isa = PBXBuildFile; fileRef = 0FD95D712B288F7300511DF4 /* String+Ext.swift */; };
		0FD95D752B2892EF00511DF4 /* User.swift in Sources */ = {isa = PBXBuildFile; fileRef = 0FD95D742B2892EF00511DF4 /* User.swift */; };
		0FF1CED72B29E5C3002716EC /* Date+Ext.swift in Sources */ = {isa = PBXBuildFile; fileRef = 0FF1CED62B29E5C3002716EC /* Date+Ext.swift */; };
		0FF75F842B28AA3700F83091 /* EmptyState.swift in Sources */ = {isa = PBXBuildFile; fileRef = 0FF75F832B28AA3700F83091 /* EmptyState.swift */; };
		0FF75F862B28AC2F00F83091 /* Order.swift in Sources */ = {isa = PBXBuildFile; fileRef = 0FF75F852B28AC2F00F83091 /* Order.swift */; };
/* End PBXBuildFile section */

/* Begin PBXFileReference section */
		0F59E3642B28D06F005B7543 /* CustomModifiers.swift */ = {isa = PBXFileReference; lastKnownFileType = sourcecode.swift; path = CustomModifiers.swift; sourceTree = "<group>"; };
		0F6C47F22B274AE00017D513 /* Appetizers.app */ = {isa = PBXFileReference; explicitFileType = wrapper.application; includeInIndex = 0; path = Appetizers.app; sourceTree = BUILT_PRODUCTS_DIR; };
		0F6C47F52B274AE00017D513 /* AppetizersApp.swift */ = {isa = PBXFileReference; lastKnownFileType = sourcecode.swift; path = AppetizersApp.swift; sourceTree = "<group>"; };
		0F6C47F72B274AE00017D513 /* AppetizerTabView.swift */ = {isa = PBXFileReference; lastKnownFileType = sourcecode.swift; path = AppetizerTabView.swift; sourceTree = "<group>"; };
		0F6C47F92B274AE20017D513 /* Assets.xcassets */ = {isa = PBXFileReference; lastKnownFileType = folder.assetcatalog; path = Assets.xcassets; sourceTree = "<group>"; };
		0F6C47FC2B274AE20017D513 /* Preview Assets.xcassets */ = {isa = PBXFileReference; lastKnownFileType = folder.assetcatalog; path = "Preview Assets.xcassets"; sourceTree = "<group>"; };
		0F6C48032B274B930017D513 /* AppetizerListView.swift */ = {isa = PBXFileReference; lastKnownFileType = sourcecode.swift; path = AppetizerListView.swift; sourceTree = "<group>"; };
		0F6C48052B274B9D0017D513 /* AccountView.swift */ = {isa = PBXFileReference; lastKnownFileType = sourcecode.swift; path = AccountView.swift; sourceTree = "<group>"; };
		0F6C48072B274BAA0017D513 /* OrderView.swift */ = {isa = PBXFileReference; lastKnownFileType = sourcecode.swift; path = OrderView.swift; sourceTree = "<group>"; };
		0F6C48092B27504D0017D513 /* Appetizer.swift */ = {isa = PBXFileReference; lastKnownFileType = sourcecode.swift; path = Appetizer.swift; sourceTree = "<group>"; };
		0F6C480B2B2754E10017D513 /* AppetizerListCell.swift */ = {isa = PBXFileReference; lastKnownFileType = sourcecode.swift; path = AppetizerListCell.swift; sourceTree = "<group>"; };
		0F6C480D2B2755C00017D513 /* NetworkManager.swift */ = {isa = PBXFileReference; lastKnownFileType = sourcecode.swift; path = NetworkManager.swift; sourceTree = "<group>"; };
		0F6C480F2B2756990017D513 /* APError.swift */ = {isa = PBXFileReference; lastKnownFileType = sourcecode.swift; path = APError.swift; sourceTree = "<group>"; };
		0F6C48112B2776A00017D513 /* AppetizerListViewModel.swift */ = {isa = PBXFileReference; lastKnownFileType = sourcecode.swift; path = AppetizerListViewModel.swift; sourceTree = "<group>"; };
		0F6C48132B2777DE0017D513 /* Alert.swift */ = {isa = PBXFileReference; lastKnownFileType = sourcecode.swift; path = Alert.swift; sourceTree = "<group>"; };
		0F6C48152B277C370017D513 /* LoadingView.swift */ = {isa = PBXFileReference; lastKnownFileType = sourcecode.swift; path = LoadingView.swift; sourceTree = "<group>"; };
		0F6C48192B27848E0017D513 /* RemoteImage.swift */ = {isa = PBXFileReference; lastKnownFileType = sourcecode.swift; path = RemoteImage.swift; sourceTree = "<group>"; };
		0F6C48272B278A970017D513 /* AppetizerDetailView.swift */ = {isa = PBXFileReference; lastKnownFileType = sourcecode.swift; path = AppetizerDetailView.swift; sourceTree = "<group>"; };
		0F6C482A2B2796C30017D513 /* APButton.swift */ = {isa = PBXFileReference; lastKnownFileType = sourcecode.swift; path = APButton.swift; sourceTree = "<group>"; };
		0F6C482C2B2797F00017D513 /* XDismissButton.swift */ = {isa = PBXFileReference; lastKnownFileType = sourcecode.swift; path = XDismissButton.swift; sourceTree = "<group>"; };
		0FD95D6F2B288C9300511DF4 /* AccountViewModel.swift */ = {isa = PBXFileReference; lastKnownFileType = sourcecode.swift; path = AccountViewModel.swift; sourceTree = "<group>"; };
		0FD95D712B288F7300511DF4 /* String+Ext.swift */ = {isa = PBXFileReference; lastKnownFileType = sourcecode.swift; path = "String+Ext.swift"; sourceTree = "<group>"; };
		0FD95D742B2892EF00511DF4 /* User.swift */ = {isa = PBXFileReference; lastKnownFileType = sourcecode.swift; path = User.swift; sourceTree = "<group>"; };
		0FF1CED62B29E5C3002716EC /* Date+Ext.swift */ = {isa = PBXFileReference; lastKnownFileType = sourcecode.swift; path = "Date+Ext.swift"; sourceTree = "<group>"; };
		0FF75F832B28AA3700F83091 /* EmptyState.swift */ = {isa = PBXFileReference; lastKnownFileType = sourcecode.swift; path = EmptyState.swift; sourceTree = "<group>"; };
		0FF75F852B28AC2F00F83091 /* Order.swift */ = {isa = PBXFileReference; lastKnownFileType = sourcecode.swift; path = Order.swift; sourceTree = "<group>"; };
/* End PBXFileReference section */

/* Begin PBXFrameworksBuildPhase section */
		0F6C47EF2B274AE00017D513 /* Frameworks */ = {
			isa = PBXFrameworksBuildPhase;
			buildActionMask = 2147483647;
			files = (
			);
			runOnlyForDeploymentPostprocessing = 0;
		};
/* End PBXFrameworksBuildPhase section */

/* Begin PBXGroup section */
		0F6C47E92B274AE00017D513 = {
			isa = PBXGroup;
			children = (
				0F6C47F42B274AE00017D513 /* Appetizers */,
				0F6C47F32B274AE00017D513 /* Products */,
			);
			sourceTree = "<group>";
		};
		0F6C47F32B274AE00017D513 /* Products */ = {
			isa = PBXGroup;
			children = (
				0F6C47F22B274AE00017D513 /* Appetizers.app */,
			);
			name = Products;
			sourceTree = "<group>";
		};
		0F6C47F42B274AE00017D513 /* Appetizers */ = {
			isa = PBXGroup;
			children = (
				0F6C48222B2789280017D513 /* Model */,
				0F6C481F2B2788E20017D513 /* Utilities */,
				0F6C48232B2789600017D513 /* Views */,
				0F6C481B2B2788650017D513 /* Screens */,
				0F6C47F52B274AE00017D513 /* AppetizersApp.swift */,
				0F6C47F92B274AE20017D513 /* Assets.xcassets */,
				0F6C47FB2B274AE20017D513 /* Preview Content */,
			);
			path = Appetizers;
			sourceTree = "<group>";
		};
		0F6C47FB2B274AE20017D513 /* Preview Content */ = {
			isa = PBXGroup;
			children = (
				0F6C47FC2B274AE20017D513 /* Preview Assets.xcassets */,
			);
			path = "Preview Content";
			sourceTree = "<group>";
		};
		0F6C481B2B2788650017D513 /* Screens */ = {
			isa = PBXGroup;
			children = (
				0F6C47F72B274AE00017D513 /* AppetizerTabView.swift */,
				0F6C481C2B2788760017D513 /* AppetizerListView */,
				0F6C481D2B2788810017D513 /* AccountView */,
				0F6C481E2B2788900017D513 /* OrderView */,
			);
			path = Screens;
			sourceTree = "<group>";
		};
		0F6C481C2B2788760017D513 /* AppetizerListView */ = {
			isa = PBXGroup;
			children = (
				0F6C48112B2776A00017D513 /* AppetizerListViewModel.swift */,
				0F6C48032B274B930017D513 /* AppetizerListView.swift */,
				0F6C48272B278A970017D513 /* AppetizerDetailView.swift */,
			);
			path = AppetizerListView;
			sourceTree = "<group>";
		};
		0F6C481D2B2788810017D513 /* AccountView */ = {
			isa = PBXGroup;
			children = (
				0F6C48052B274B9D0017D513 /* AccountView.swift */,
				0FD95D6F2B288C9300511DF4 /* AccountViewModel.swift */,
			);
			path = AccountView;
			sourceTree = "<group>";
		};
		0F6C481E2B2788900017D513 /* OrderView */ = {
			isa = PBXGroup;
			children = (
				0F6C48072B274BAA0017D513 /* OrderView.swift */,
			);
			path = OrderView;
			sourceTree = "<group>";
		};
		0F6C481F2B2788E20017D513 /* Utilities */ = {
			isa = PBXGroup;
			children = (
				0FD95D732B288F8400511DF4 /* Extensions */,
				0F6C48212B2789050017D513 /* Alerts */,
				0F6C48202B2788ED0017D513 /* Managers */,
			);
			path = Utilities;
			sourceTree = "<group>";
		};
		0F6C48202B2788ED0017D513 /* Managers */ = {
			isa = PBXGroup;
			children = (
				0F6C480D2B2755C00017D513 /* NetworkManager.swift */,
			);
			path = Managers;
			sourceTree = "<group>";
		};
		0F6C48212B2789050017D513 /* Alerts */ = {
			isa = PBXGroup;
			children = (
				0F6C480F2B2756990017D513 /* APError.swift */,
				0F6C48132B2777DE0017D513 /* Alert.swift */,
			);
			path = Alerts;
			sourceTree = "<group>";
		};
		0F6C48222B2789280017D513 /* Model */ = {
			isa = PBXGroup;
			children = (
				0F6C48092B27504D0017D513 /* Appetizer.swift */,
				0FD95D742B2892EF00511DF4 /* User.swift */,
				0FF75F852B28AC2F00F83091 /* Order.swift */,
			);
			path = Model;
			sourceTree = "<group>";
		};
		0F6C48232B2789600017D513 /* Views */ = {
			isa = PBXGroup;
			children = (
				0FF75F822B28AA1D00F83091 /* Empty States */,
				0F6C48292B2796830017D513 /* Buttons */,
				0F6C48262B27898C0017D513 /* Image */,
				0F6C48252B2789800017D513 /* Cells */,
				0F6C48242B2789710017D513 /* UIKit Components */,
				0F59E3642B28D06F005B7543 /* CustomModifiers.swift */,
			);
			path = Views;
			sourceTree = "<group>";
		};
		0F6C48242B2789710017D513 /* UIKit Components */ = {
			isa = PBXGroup;
			children = (
				0F6C48152B277C370017D513 /* LoadingView.swift */,
			);
			path = "UIKit Components";
			sourceTree = "<group>";
		};
		0F6C48252B2789800017D513 /* Cells */ = {
			isa = PBXGroup;
			children = (
				0F6C480B2B2754E10017D513 /* AppetizerListCell.swift */,
			);
			path = Cells;
			sourceTree = "<group>";
		};
		0F6C48262B27898C0017D513 /* Image */ = {
			isa = PBXGroup;
			children = (
				0F6C48192B27848E0017D513 /* RemoteImage.swift */,
			);
			path = Image;
			sourceTree = "<group>";
		};
		0F6C48292B2796830017D513 /* Buttons */ = {
			isa = PBXGroup;
			children = (
				0F6C482A2B2796C30017D513 /* APButton.swift */,
				0F6C482C2B2797F00017D513 /* XDismissButton.swift */,
			);
			path = Buttons;
			sourceTree = "<group>";
		};
		0FD95D732B288F8400511DF4 /* Extensions */ = {
			isa = PBXGroup;
			children = (
				0FD95D712B288F7300511DF4 /* String+Ext.swift */,
				0FF1CED62B29E5C3002716EC /* Date+Ext.swift */,
			);
			path = Extensions;
			sourceTree = "<group>";
		};
		0FF75F822B28AA1D00F83091 /* Empty States */ = {
			isa = PBXGroup;
			children = (
				0FF75F832B28AA3700F83091 /* EmptyState.swift */,
			);
			path = "Empty States";
			sourceTree = "<group>";
		};
/* End PBXGroup section */

/* Begin PBXNativeTarget section */
		0F6C47F12B274AE00017D513 /* Appetizers */ = {
			isa = PBXNativeTarget;
			buildConfigurationList = 0F6C48002B274AE20017D513 /* Build configuration list for PBXNativeTarget "Appetizers" */;
			buildPhases = (
				0F6C47EE2B274AE00017D513 /* Sources */,
				0F6C47EF2B274AE00017D513 /* Frameworks */,
				0F6C47F02B274AE00017D513 /* Resources */,
			);
			buildRules = (
			);
			dependencies = (
			);
			name = Appetizers;
			productName = Appetizers;
			productReference = 0F6C47F22B274AE00017D513 /* Appetizers.app */;
			productType = "com.apple.product-type.application";
		};
/* End PBXNativeTarget section */

/* Begin PBXProject section */
		0F6C47EA2B274AE00017D513 /* Project object */ = {
			isa = PBXProject;
			attributes = {
				BuildIndependentTargetsInParallel = 1;
				LastSwiftUpdateCheck = 1500;
				LastUpgradeCheck = 1500;
				TargetAttributes = {
					0F6C47F12B274AE00017D513 = {
						CreatedOnToolsVersion = 15.0.1;
					};
				};
			};
			buildConfigurationList = 0F6C47ED2B274AE00017D513 /* Build configuration list for PBXProject "Appetizers" */;
			compatibilityVersion = "Xcode 14.0";
			developmentRegion = en;
			hasScannedForEncodings = 0;
			knownRegions = (
				en,
				Base,
			);
			mainGroup = 0F6C47E92B274AE00017D513;
			productRefGroup = 0F6C47F32B274AE00017D513 /* Products */;
			projectDirPath = "";
			projectRoot = "";
			targets = (
				0F6C47F12B274AE00017D513 /* Appetizers */,
			);
		};
/* End PBXProject section */

/* Begin PBXResourcesBuildPhase section */
		0F6C47F02B274AE00017D513 /* Resources */ = {
			isa = PBXResourcesBuildPhase;
			buildActionMask = 2147483647;
			files = (
				0F6C47FD2B274AE20017D513 /* Preview Assets.xcassets in Resources */,
				0F6C47FA2B274AE20017D513 /* Assets.xcassets in Resources */,
			);
			runOnlyForDeploymentPostprocessing = 0;
		};
/* End PBXResourcesBuildPhase section */

/* Begin PBXSourcesBuildPhase section */
		0F6C47EE2B274AE00017D513 /* Sources */ = {
			isa = PBXSourcesBuildPhase;
			buildActionMask = 2147483647;
			files = (
				0FD95D722B288F7300511DF4 /* String+Ext.swift in Sources */,
				0F6C480A2B27504D0017D513 /* Appetizer.swift in Sources */,
				0F6C48102B2756990017D513 /* APError.swift in Sources */,
				0F6C480C2B2754E10017D513 /* AppetizerListCell.swift in Sources */,
				0FF1CED72B29E5C3002716EC /* Date+Ext.swift in Sources */,
				0F6C482B2B2796C30017D513 /* APButton.swift in Sources */,
				0F6C48122B2776A00017D513 /* AppetizerListViewModel.swift in Sources */,
				0FF75F862B28AC2F00F83091 /* Order.swift in Sources */,
				0F6C48062B274B9D0017D513 /* AccountView.swift in Sources */,
				0FF75F842B28AA3700F83091 /* EmptyState.swift in Sources */,
				0F59E3652B28D06F005B7543 /* CustomModifiers.swift in Sources */,
				0F6C48162B277C370017D513 /* LoadingView.swift in Sources */,
				0F6C481A2B27848E0017D513 /* RemoteImage.swift in Sources */,
				0F6C47F82B274AE00017D513 /* AppetizerTabView.swift in Sources */,
				0F6C48282B278A970017D513 /* AppetizerDetailView.swift in Sources */,
				0F6C480E2B2755C00017D513 /* NetworkManager.swift in Sources */,
				0F6C47F62B274AE00017D513 /* AppetizersApp.swift in Sources */,
				0F6C48142B2777DE0017D513 /* Alert.swift in Sources */,
				0F6C48042B274B930017D513 /* AppetizerListView.swift in Sources */,
				0F6C48082B274BAA0017D513 /* OrderView.swift in Sources */,
				0FD95D702B288C9300511DF4 /* AccountViewModel.swift in Sources */,
				0F6C482D2B2797F00017D513 /* XDismissButton.swift in Sources */,
				0FD95D752B2892EF00511DF4 /* User.swift in Sources */,
			);
			runOnlyForDeploymentPostprocessing = 0;
		};
/* End PBXSourcesBuildPhase section */

/* Begin XCBuildConfiguration section */
		0F6C47FE2B274AE20017D513 /* Debug */ = {
			isa = XCBuildConfiguration;
			buildSettings = {
				ALWAYS_SEARCH_USER_PATHS = NO;
				ASSETCATALOG_COMPILER_GENERATE_SWIFT_ASSET_SYMBOL_EXTENSIONS = YES;
				CLANG_ANALYZER_NONNULL = YES;
				CLANG_ANALYZER_NUMBER_OBJECT_CONVERSION = YES_AGGRESSIVE;
				CLANG_CXX_LANGUAGE_STANDARD = "gnu++20";
				CLANG_ENABLE_MODULES = YES;
				CLANG_ENABLE_OBJC_ARC = YES;
				CLANG_ENABLE_OBJC_WEAK = YES;
				CLANG_WARN_BLOCK_CAPTURE_AUTORELEASING = YES;
				CLANG_WARN_BOOL_CONVERSION = YES;
				CLANG_WARN_COMMA = YES;
				CLANG_WARN_CONSTANT_CONVERSION = YES;
				CLANG_WARN_DEPRECATED_OBJC_IMPLEMENTATIONS = YES;
				CLANG_WARN_DIRECT_OBJC_ISA_USAGE = YES_ERROR;
				CLANG_WARN_DOCUMENTATION_COMMENTS = YES;
				CLANG_WARN_EMPTY_BODY = YES;
				CLANG_WARN_ENUM_CONVERSION = YES;
				CLANG_WARN_INFINITE_RECURSION = YES;
				CLANG_WARN_INT_CONVERSION = YES;
				CLANG_WARN_NON_LITERAL_NULL_CONVERSION = YES;
				CLANG_WARN_OBJC_IMPLICIT_RETAIN_SELF = YES;
				CLANG_WARN_OBJC_LITERAL_CONVERSION = YES;
				CLANG_WARN_OBJC_ROOT_CLASS = YES_ERROR;
				CLANG_WARN_QUOTED_INCLUDE_IN_FRAMEWORK_HEADER = YES;
				CLANG_WARN_RANGE_LOOP_ANALYSIS = YES;
				CLANG_WARN_STRICT_PROTOTYPES = YES;
				CLANG_WARN_SUSPICIOUS_MOVE = YES;
				CLANG_WARN_UNGUARDED_AVAILABILITY = YES_AGGRESSIVE;
				CLANG_WARN_UNREACHABLE_CODE = YES;
				CLANG_WARN__DUPLICATE_METHOD_MATCH = YES;
				COPY_PHASE_STRIP = NO;
				DEBUG_INFORMATION_FORMAT = dwarf;
				ENABLE_STRICT_OBJC_MSGSEND = YES;
				ENABLE_TESTABILITY = YES;
				ENABLE_USER_SCRIPT_SANDBOXING = YES;
				GCC_C_LANGUAGE_STANDARD = gnu17;
				GCC_DYNAMIC_NO_PIC = NO;
				GCC_NO_COMMON_BLOCKS = YES;
				GCC_OPTIMIZATION_LEVEL = 0;
				GCC_PREPROCESSOR_DEFINITIONS = (
					"DEBUG=1",
					"$(inherited)",
				);
				GCC_WARN_64_TO_32_BIT_CONVERSION = YES;
				GCC_WARN_ABOUT_RETURN_TYPE = YES_ERROR;
				GCC_WARN_UNDECLARED_SELECTOR = YES;
				GCC_WARN_UNINITIALIZED_AUTOS = YES_AGGRESSIVE;
				GCC_WARN_UNUSED_FUNCTION = YES;
				GCC_WARN_UNUSED_VARIABLE = YES;
				IPHONEOS_DEPLOYMENT_TARGET = 17.0;
				LOCALIZATION_PREFERS_STRING_CATALOGS = YES;
				MTL_ENABLE_DEBUG_INFO = INCLUDE_SOURCE;
				MTL_FAST_MATH = YES;
				ONLY_ACTIVE_ARCH = YES;
				SDKROOT = iphoneos;
				SWIFT_ACTIVE_COMPILATION_CONDITIONS = "DEBUG $(inherited)";
				SWIFT_OPTIMIZATION_LEVEL = "-Onone";
			};
			name = Debug;
		};
		0F6C47FF2B274AE20017D513 /* Release */ = {
			isa = XCBuildConfiguration;
			buildSettings = {
				ALWAYS_SEARCH_USER_PATHS = NO;
				ASSETCATALOG_COMPILER_GENERATE_SWIFT_ASSET_SYMBOL_EXTENSIONS = YES;
				CLANG_ANALYZER_NONNULL = YES;
				CLANG_ANALYZER_NUMBER_OBJECT_CONVERSION = YES_AGGRESSIVE;
				CLANG_CXX_LANGUAGE_STANDARD = "gnu++20";
				CLANG_ENABLE_MODULES = YES;
				CLANG_ENABLE_OBJC_ARC = YES;
				CLANG_ENABLE_OBJC_WEAK = YES;
				CLANG_WARN_BLOCK_CAPTURE_AUTORELEASING = YES;
				CLANG_WARN_BOOL_CONVERSION = YES;
				CLANG_WARN_COMMA = YES;
				CLANG_WARN_CONSTANT_CONVERSION = YES;
				CLANG_WARN_DEPRECATED_OBJC_IMPLEMENTATIONS = YES;
				CLANG_WARN_DIRECT_OBJC_ISA_USAGE = YES_ERROR;
				CLANG_WARN_DOCUMENTATION_COMMENTS = YES;
				CLANG_WARN_EMPTY_BODY = YES;
				CLANG_WARN_ENUM_CONVERSION = YES;
				CLANG_WARN_INFINITE_RECURSION = YES;
				CLANG_WARN_INT_CONVERSION = YES;
				CLANG_WARN_NON_LITERAL_NULL_CONVERSION = YES;
				CLANG_WARN_OBJC_IMPLICIT_RETAIN_SELF = YES;
				CLANG_WARN_OBJC_LITERAL_CONVERSION = YES;
				CLANG_WARN_OBJC_ROOT_CLASS = YES_ERROR;
				CLANG_WARN_QUOTED_INCLUDE_IN_FRAMEWORK_HEADER = YES;
				CLANG_WARN_RANGE_LOOP_ANALYSIS = YES;
				CLANG_WARN_STRICT_PROTOTYPES = YES;
				CLANG_WARN_SUSPICIOUS_MOVE = YES;
				CLANG_WARN_UNGUARDED_AVAILABILITY = YES_AGGRESSIVE;
				CLANG_WARN_UNREACHABLE_CODE = YES;
				CLANG_WARN__DUPLICATE_METHOD_MATCH = YES;
				COPY_PHASE_STRIP = NO;
				DEBUG_INFORMATION_FORMAT = "dwarf-with-dsym";
				ENABLE_NS_ASSERTIONS = NO;
				ENABLE_STRICT_OBJC_MSGSEND = YES;
				ENABLE_USER_SCRIPT_SANDBOXING = YES;
				GCC_C_LANGUAGE_STANDARD = gnu17;
				GCC_NO_COMMON_BLOCKS = YES;
				GCC_WARN_64_TO_32_BIT_CONVERSION = YES;
				GCC_WARN_ABOUT_RETURN_TYPE = YES_ERROR;
				GCC_WARN_UNDECLARED_SELECTOR = YES;
				GCC_WARN_UNINITIALIZED_AUTOS = YES_AGGRESSIVE;
				GCC_WARN_UNUSED_FUNCTION = YES;
				GCC_WARN_UNUSED_VARIABLE = YES;
				IPHONEOS_DEPLOYMENT_TARGET = 17.0;
				LOCALIZATION_PREFERS_STRING_CATALOGS = YES;
				MTL_ENABLE_DEBUG_INFO = NO;
				MTL_FAST_MATH = YES;
				SDKROOT = iphoneos;
				SWIFT_COMPILATION_MODE = wholemodule;
				VALIDATE_PRODUCT = YES;
			};
			name = Release;
		};
		0F6C48012B274AE20017D513 /* Debug */ = {
			isa = XCBuildConfiguration;
			buildSettings = {
				ASSETCATALOG_COMPILER_APPICON_NAME = AppIcon;
				ASSETCATALOG_COMPILER_GLOBAL_ACCENT_COLOR_NAME = AccentColor;
				CODE_SIGN_STYLE = Automatic;
				CURRENT_PROJECT_VERSION = 1;
				DEVELOPMENT_ASSET_PATHS = "\"Appetizers/Preview Content\"";
				DEVELOPMENT_TEAM = U6TXC38SS7;
				ENABLE_PREVIEWS = YES;
				GENERATE_INFOPLIST_FILE = YES;
				INFOPLIST_KEY_UIApplicationSceneManifest_Generation = YES;
				INFOPLIST_KEY_UIApplicationSupportsIndirectInputEvents = YES;
				INFOPLIST_KEY_UILaunchScreen_Generation = YES;
				INFOPLIST_KEY_UISupportedInterfaceOrientations = UIInterfaceOrientationPortrait;
				INFOPLIST_KEY_UISupportedInterfaceOrientations_iPad = "UIInterfaceOrientationLandscapeLeft UIInterfaceOrientationLandscapeRight UIInterfaceOrientationPortrait UIInterfaceOrientationPortraitUpsideDown";
				LD_RUNPATH_SEARCH_PATHS = (
					"$(inherited)",
					"@executable_path/Frameworks",
				);
				MARKETING_VERSION = 1.0;
				PRODUCT_BUNDLE_IDENTIFIER = com.carloskimura.Appetizers;
				PRODUCT_NAME = "$(TARGET_NAME)";
				SUPPORTED_PLATFORMS = "iphoneos iphonesimulator";
				SUPPORTS_MACCATALYST = NO;
				SUPPORTS_MAC_DESIGNED_FOR_IPHONE_IPAD = NO;
				SWIFT_EMIT_LOC_STRINGS = YES;
				SWIFT_VERSION = 5.0;
				TARGETED_DEVICE_FAMILY = 1;
			};
			name = Debug;
		};
		0F6C48022B274AE20017D513 /* Release */ = {
			isa = XCBuildConfiguration;
			buildSettings = {
				ASSETCATALOG_COMPILER_APPICON_NAME = AppIcon;
				ASSETCATALOG_COMPILER_GLOBAL_ACCENT_COLOR_NAME = AccentColor;
				CODE_SIGN_STYLE = Automatic;
				CURRENT_PROJECT_VERSION = 1;
				DEVELOPMENT_ASSET_PATHS = "\"Appetizers/Preview Content\"";
				DEVELOPMENT_TEAM = U6TXC38SS7;
				ENABLE_PREVIEWS = YES;
				GENERATE_INFOPLIST_FILE = YES;
				INFOPLIST_KEY_UIApplicationSceneManifest_Generation = YES;
				INFOPLIST_KEY_UIApplicationSupportsIndirectInputEvents = YES;
				INFOPLIST_KEY_UILaunchScreen_Generation = YES;
				INFOPLIST_KEY_UISupportedInterfaceOrientations = UIInterfaceOrientationPortrait;
				INFOPLIST_KEY_UISupportedInterfaceOrientations_iPad = "UIInterfaceOrientationLandscapeLeft UIInterfaceOrientationLandscapeRight UIInterfaceOrientationPortrait UIInterfaceOrientationPortraitUpsideDown";
				LD_RUNPATH_SEARCH_PATHS = (
					"$(inherited)",
					"@executable_path/Frameworks",
				);
				MARKETING_VERSION = 1.0;
				PRODUCT_BUNDLE_IDENTIFIER = com.carloskimura.Appetizers;
				PRODUCT_NAME = "$(TARGET_NAME)";
				SUPPORTED_PLATFORMS = "iphoneos iphonesimulator";
				SUPPORTS_MACCATALYST = NO;
				SUPPORTS_MAC_DESIGNED_FOR_IPHONE_IPAD = NO;
				SWIFT_EMIT_LOC_STRINGS = YES;
				SWIFT_VERSION = 5.0;
				TARGETED_DEVICE_FAMILY = 1;
			};
			name = Release;
		};
/* End XCBuildConfiguration section */

/* Begin XCConfigurationList section */
		0F6C47ED2B274AE00017D513 /* Build configuration list for PBXProject "Appetizers" */ = {
			isa = XCConfigurationList;
			buildConfigurations = (
				0F6C47FE2B274AE20017D513 /* Debug */,
				0F6C47FF2B274AE20017D513 /* Release */,
			);
			defaultConfigurationIsVisible = 0;
			defaultConfigurationName = Release;
		};
		0F6C48002B274AE20017D513 /* Build configuration list for PBXNativeTarget "Appetizers" */ = {
			isa = XCConfigurationList;
			buildConfigurations = (
				0F6C48012B274AE20017D513 /* Debug */,
				0F6C48022B274AE20017D513 /* Release */,
			);
			defaultConfigurationIsVisible = 0;
			defaultConfigurationName = Release;
		};
/* End XCConfigurationList section */
	};
	rootObject = 0F6C47EA2B274AE00017D513 /* Project object */;
}
